
Microsoft Visual Studio Solution File, Format Version 12.00
# Visual Studio 15
Project("{FAE04EC0-301F-11D3-BF4B-00C04F79EFBC}") = "Xamarin.Demo.Carplay.iOS", "Xamarin.Demo.Carplay.iOS\Xamarin.Demo.Carplay.iOS.csproj", "{ED91BC28-B438-43A0-95D4-8AAB8AA90DCB}"
EndProject
Project("{FAE04EC0-301F-11D3-BF4B-00C04F79EFBC}") = "Xamarin.Demo.Carplay", "Xamarin.Demo.Carplay\Xamarin.Demo.Carplay.csproj", "{6829252F-F7ED-462F-8AB7-7E5B99EA5E6F}"
EndProject
Global
	GlobalSection(SolutionConfigurationPlatforms) = preSolution
		Debug|Any CPU = Debug|Any CPU
		Release|Any CPU = Release|Any CPU
		Debug|iPhoneSimulator = Debug|iPhoneSimulator
		Release|iPhoneSimulator = Release|iPhoneSimulator
		Debug|iPhone = Debug|iPhone
		Release|iPhone = Release|iPhone
	EndGlobalSection
	GlobalSection(ProjectConfigurationPlatforms) = postSolution
		{ED91BC28-B438-43A0-95D4-8AAB8AA90DCB}.Debug|Any CPU.ActiveCfg = Debug|iPhoneSimulator
		{ED91BC28-B438-43A0-95D4-8AAB8AA90DCB}.Debug|Any CPU.Build.0 = Debug|iPhoneSimulator
		{ED91BC28-B438-43A0-95D4-8AAB8AA90DCB}.Release|Any CPU.ActiveCfg = Release|iPhoneSimulator
		{ED91BC28-B438-43A0-95D4-8AAB8AA90DCB}.Release|Any CPU.Build.0 = Release|iPhoneSimulator
		{ED91BC28-B438-43A0-95D4-8AAB8AA90DCB}.Debug|iPhoneSimulator.ActiveCfg = Debug|iPhoneSimulator
		{ED91BC28-B438-43A0-95D4-8AAB8AA90DCB}.Debug|iPhoneSimulator.Build.0 = Debug|iPhoneSimulator
		{ED91BC28-B438-43A0-95D4-8AAB8AA90DCB}.Release|iPhoneSimulator.ActiveCfg = Release|iPhoneSimulator
		{ED91BC28-B438-43A0-95D4-8AAB8AA90DCB}.Release|iPhoneSimulator.Build.0 = Release|iPhoneSimulator
		{ED91BC28-B438-43A0-95D4-8AAB8AA90DCB}.Debug|iPhone.ActiveCfg = Debug|iPhone
		{ED91BC28-B438-43A0-95D4-8AAB8AA90DCB}.Debug|iPhone.Build.0 = Debug|iPhone
		{ED91BC28-B438-43A0-95D4-8AAB8AA90DCB}.Release|iPhone.ActiveCfg = Release|iPhone
		{ED91BC28-B438-43A0-95D4-8AAB8AA90DCB}.Release|iPhone.Build.0 = Release|iPhone
		{6829252F-F7ED-462F-8AB7-7E5B99EA5E6F}.Debug|Any CPU.ActiveCfg = Debug|Any CPU
		{6829252F-F7ED-462F-8AB7-7E5B99EA5E6F}.Debug|Any CPU.Build.0 = Debug|Any CPU
		{6829252F-F7ED-462F-8AB7-7E5B99EA5E6F}.Release|Any CPU.ActiveCfg = Release|Any CPU
		{6829252F-F7ED-462F-8AB7-7E5B99EA5E6F}.Release|Any CPU.Build.0 = Release|Any CPU
		{6829252F-F7ED-462F-8AB7-7E5B99EA5E6F}.Debug|iPhoneSimulator.ActiveCfg = Debug|Any CPU
		{6829252F-F7ED-462F-8AB7-7E5B99EA5E6F}.Debug|iPhoneSimulator.Build.0 = Debug|Any CPU
		{6829252F-F7ED-462F-8AB7-7E5B99EA5E6F}.Release|iPhoneSimulator.ActiveCfg = Release|Any CPU
		{6829252F-F7ED-462F-8AB7-7E5B99EA5E6F}.Release|iPhoneSimulator.Build.0 = Release|Any CPU
		{6829252F-F7ED-462F-8AB7-7E5B99EA5E6F}.Debug|iPhone.ActiveCfg = Debug|Any CPU
		{6829252F-F7ED-462F-8AB7-7E5B99EA5E6F}.Debug|iPhone.Build.0 = Debug|Any CPU
		{6829252F-F7ED-462F-8AB7-7E5B99EA5E6F}.Release|iPhone.ActiveCfg = Release|Any CPU
		{6829252F-F7ED-462F-8AB7-7E5B99EA5E6F}.Release|iPhone.Build.0 = Release|Any CPU
	EndGlobalSection
EndGlobal
